
Microsoft Visual Studio Solution File, Format Version 12.00
# Visual Studio Version 16
VisualStudioVersion = 16.0.30717.126
MinimumVisualStudioVersion = 10.0.40219.1
Project("{FAE04EC0-301F-11D3-BF4B-00C04F79EFBC}") = "Prime_Number_Less_Than_N", "Prime_Number_Less_Than_N\Prime_Number_Less_Than_N.csproj", "{2602EC85-5FC5-4D76-919E-288819747E22}"
EndProject
Global
	GlobalSection(SolutionConfigurationPlatforms) = preSolution
		Debug|Any CPU = Debug|Any CPU
		Release|Any CPU = Release|Any CPU
	EndGlobalSection
	GlobalSection(ProjectConfigurationPlatforms) = postSolution
		{2602EC85-5FC5-4D76-919E-288819747E22}.Debug|Any CPU.ActiveCfg = Debug|Any CPU
		{2602EC85-5FC5-4D76-919E-288819747E22}.Debug|Any CPU.Build.0 = Debug|Any CPU
		{2602EC85-5FC5-4D76-919E-288819747E22}.Release|Any CPU.ActiveCfg = Release|Any CPU
		{2602EC85-5FC5-4D76-919E-288819747E22}.Release|Any CPU.Build.0 = Release|Any CPU
	EndGlobalSection
	GlobalSection(SolutionProperties) = preSolution
		HideSolutionNode = FALSE
	EndGlobalSection
	GlobalSection(ExtensibilityGlobals) = postSolution
		SolutionGuid = {36FAFB6B-2923-46DE-BC42-B772653C2CED}
	EndGlobalSection
EndGlobal
